
Microsoft Visual Studio Solution File, Format Version 12.00
# Visual Studio Version 17
VisualStudioVersion = 17.0.31903.59
MinimumVisualStudioVersion = 10.0.40219.1
Project("{2150E333-8FDC-42A3-9474-1A3956D46DE8}") = "1 - Apresentacao", "1 - Apresentacao", "{91FD3811-8324-46FA-A612-00640C036762}"
EndProject
Project("{2150E333-8FDC-42A3-9474-1A3956D46DE8}") = "2 - Aplicacao", "2 - Aplicacao", "{4993B15B-92DD-45E0-971C-DAD4F440D50B}"
EndProject
Project("{2150E333-8FDC-42A3-9474-1A3956D46DE8}") = "3 - Dominio", "3 - Dominio", "{16E2322A-D401-409B-BEF1-523AB4D4968E}"
EndProject
Project("{2150E333-8FDC-42A3-9474-1A3956D46DE8}") = "4 - Infraestrutura", "4 - Infraestrutura", "{C4ADEFCC-7B86-4C00-A390-2D8D6AAB3EFA}"
EndProject
Project("{2150E333-8FDC-42A3-9474-1A3956D46DE8}") = "5 - Testes", "5 - Testes", "{AC7A5198-FBAD-47DA-AB12-566919DDDF22}"
EndProject
Project("{9A19103F-16F7-4668-BE54-9A1E7A4F7556}") = "Buscador.Dominio", "Buscador.Dominio\Buscador.Dominio.csproj", "{7F10EC9A-3AAA-4EEE-8476-97F19851A594}"
EndProject
Project("{9A19103F-16F7-4668-BE54-9A1E7A4F7556}") = "Buscador.Dominio.Core", "Buscador.Dominio.Core\Buscador.Dominio.Core.csproj", "{D9E855F9-96C9-4EC5-90D5-0A257E8E7C16}"
EndProject
Project("{9A19103F-16F7-4668-BE54-9A1E7A4F7556}") = "Buscador.Servicos", "Buscador.Servicos\Buscador.Servicos.csproj", "{31300A4F-6AFF-4565-969B-427AEBF3FC6B}"
EndProject
Project("{9A19103F-16F7-4668-BE54-9A1E7A4F7556}") = "Buscador.Data", "Buscador.Data\Buscador.Data.csproj", "{1CFE01D9-A865-4BD9-871C-7263272BE9B2}"
EndProject
Project("{9A19103F-16F7-4668-BE54-9A1E7A4F7556}") = "Buscador.Repositorio", "Buscador.Repositorio\Buscador.Repositorio.csproj", "{A83D494D-3E87-4391-AC38-E4F3FD356E09}"
EndProject
Project("{9A19103F-16F7-4668-BE54-9A1E7A4F7556}") = "Buscador.Aplicacao", "Buscador.Aplicacao\Buscador.Aplicacao.csproj", "{C15CA4E2-A4AF-4FD2-817A-41C0873335D8}"
EndProject
Project("{9A19103F-16F7-4668-BE54-9A1E7A4F7556}") = "Buscador.DTO", "Buscador.DTO\Buscador.DTO.csproj", "{0BB24417-92BE-44CA-BF2F-FABBFFB40DE8}"
EndProject
Project("{9A19103F-16F7-4668-BE54-9A1E7A4F7556}") = "Buscador.Api", "Buscador.Api\Buscador.Api.csproj", "{50EC3C55-D63D-439F-B841-25C56DD33DBF}"
EndProject
Project("{9A19103F-16F7-4668-BE54-9A1E7A4F7556}") = "Buscador.Mapper", "Buscador.CrossCuting.Adapter\Buscador.Mapper.csproj", "{1BE20793-FB2F-485F-ACDF-1C80F97FCFB5}"
EndProject
Project("{FAE04EC0-301F-11D3-BF4B-00C04F79EFBC}") = "Buscador.Testes", "Buscador.Testes\Buscador.Testes.csproj", "{E81F2F04-AEF6-4DC0-BBCC-F665DC8E838A}"
EndProject
Global
	GlobalSection(SolutionConfigurationPlatforms) = preSolution
		Debug|Any CPU = Debug|Any CPU
		Release|Any CPU = Release|Any CPU
	EndGlobalSection
	GlobalSection(ProjectConfigurationPlatforms) = postSolution
		{7F10EC9A-3AAA-4EEE-8476-97F19851A594}.Debug|Any CPU.ActiveCfg = Debug|Any CPU
		{7F10EC9A-3AAA-4EEE-8476-97F19851A594}.Debug|Any CPU.Build.0 = Debug|Any CPU
		{7F10EC9A-3AAA-4EEE-8476-97F19851A594}.Release|Any CPU.ActiveCfg = Release|Any CPU
		{7F10EC9A-3AAA-4EEE-8476-97F19851A594}.Release|Any CPU.Build.0 = Release|Any CPU
		{D9E855F9-96C9-4EC5-90D5-0A257E8E7C16}.Debug|Any CPU.ActiveCfg = Debug|Any CPU
		{D9E855F9-96C9-4EC5-90D5-0A257E8E7C16}.Debug|Any CPU.Build.0 = Debug|Any CPU
		{D9E855F9-96C9-4EC5-90D5-0A257E8E7C16}.Release|Any CPU.ActiveCfg = Release|Any CPU
		{D9E855F9-96C9-4EC5-90D5-0A257E8E7C16}.Release|Any CPU.Build.0 = Release|Any CPU
		{31300A4F-6AFF-4565-969B-427AEBF3FC6B}.Debug|Any CPU.ActiveCfg = Debug|Any CPU
		{31300A4F-6AFF-4565-969B-427AEBF3FC6B}.Debug|Any CPU.Build.0 = Debug|Any CPU
		{31300A4F-6AFF-4565-969B-427AEBF3FC6B}.Release|Any CPU.ActiveCfg = Release|Any CPU
		{31300A4F-6AFF-4565-969B-427AEBF3FC6B}.Release|Any CPU.Build.0 = Release|Any CPU
		{1CFE01D9-A865-4BD9-871C-7263272BE9B2}.Debug|Any CPU.ActiveCfg = Debug|Any CPU
		{1CFE01D9-A865-4BD9-871C-7263272BE9B2}.Debug|Any CPU.Build.0 = Debug|Any CPU
		{1CFE01D9-A865-4BD9-871C-7263272BE9B2}.Release|Any CPU.ActiveCfg = Release|Any CPU
		{1CFE01D9-A865-4BD9-871C-7263272BE9B2}.Release|Any CPU.Build.0 = Release|Any CPU
		{A83D494D-3E87-4391-AC38-E4F3FD356E09}.Debug|Any CPU.ActiveCfg = Debug|Any CPU
		{A83D494D-3E87-4391-AC38-E4F3FD356E09}.Debug|Any CPU.Build.0 = Debug|Any CPU
		{A83D494D-3E87-4391-AC38-E4F3FD356E09}.Release|Any CPU.ActiveCfg = Release|Any CPU
		{A83D494D-3E87-4391-AC38-E4F3FD356E09}.Release|Any CPU.Build.0 = Release|Any CPU
		{C15CA4E2-A4AF-4FD2-817A-41C0873335D8}.Debug|Any CPU.ActiveCfg = Debug|Any CPU
		{C15CA4E2-A4AF-4FD2-817A-41C0873335D8}.Debug|Any CPU.Build.0 = Debug|Any CPU
		{C15CA4E2-A4AF-4FD2-817A-41C0873335D8}.Release|Any CPU.ActiveCfg = Release|Any CPU
		{C15CA4E2-A4AF-4FD2-817A-41C0873335D8}.Release|Any CPU.Build.0 = Release|Any CPU
		{0BB24417-92BE-44CA-BF2F-FABBFFB40DE8}.Debug|Any CPU.ActiveCfg = Debug|Any CPU
		{0BB24417-92BE-44CA-BF2F-FABBFFB40DE8}.Debug|Any CPU.Build.0 = Debug|Any CPU
		{0BB24417-92BE-44CA-BF2F-FABBFFB40DE8}.Release|Any CPU.ActiveCfg = Release|Any CPU
		{0BB24417-92BE-44CA-BF2F-FABBFFB40DE8}.Release|Any CPU.Build.0 = Release|Any CPU
		{50EC3C55-D63D-439F-B841-25C56DD33DBF}.Debug|Any CPU.ActiveCfg = Debug|Any CPU
		{50EC3C55-D63D-439F-B841-25C56DD33DBF}.Debug|Any CPU.Build.0 = Debug|Any CPU
		{50EC3C55-D63D-439F-B841-25C56DD33DBF}.Release|Any CPU.ActiveCfg = Release|Any CPU
		{50EC3C55-D63D-439F-B841-25C56DD33DBF}.Release|Any CPU.Build.0 = Release|Any CPU
		{1BE20793-FB2F-485F-ACDF-1C80F97FCFB5}.Debug|Any CPU.ActiveCfg = Debug|Any CPU
		{1BE20793-FB2F-485F-ACDF-1C80F97FCFB5}.Debug|Any CPU.Build.0 = Debug|Any CPU
		{1BE20793-FB2F-485F-ACDF-1C80F97FCFB5}.Release|Any CPU.ActiveCfg = Release|Any CPU
		{1BE20793-FB2F-485F-ACDF-1C80F97FCFB5}.Release|Any CPU.Build.0 = Release|Any CPU
		{E81F2F04-AEF6-4DC0-BBCC-F665DC8E838A}.Debug|Any CPU.ActiveCfg = Debug|Any CPU
		{E81F2F04-AEF6-4DC0-BBCC-F665DC8E838A}.Debug|Any CPU.Build.0 = Debug|Any CPU
		{E81F2F04-AEF6-4DC0-BBCC-F665DC8E838A}.Release|Any CPU.ActiveCfg = Release|Any CPU
		{E81F2F04-AEF6-4DC0-BBCC-F665DC8E838A}.Release|Any CPU.Build.0 = Release|Any CPU
	EndGlobalSection
	GlobalSection(SolutionProperties) = preSolution
		HideSolutionNode = FALSE
	EndGlobalSection
	GlobalSection(NestedProjects) = preSolution
		{7F10EC9A-3AAA-4EEE-8476-97F19851A594} = {16E2322A-D401-409B-BEF1-523AB4D4968E}
		{D9E855F9-96C9-4EC5-90D5-0A257E8E7C16} = {16E2322A-D401-409B-BEF1-523AB4D4968E}
		{31300A4F-6AFF-4565-969B-427AEBF3FC6B} = {16E2322A-D401-409B-BEF1-523AB4D4968E}
		{1CFE01D9-A865-4BD9-871C-7263272BE9B2} = {C4ADEFCC-7B86-4C00-A390-2D8D6AAB3EFA}
		{A83D494D-3E87-4391-AC38-E4F3FD356E09} = {C4ADEFCC-7B86-4C00-A390-2D8D6AAB3EFA}
		{C15CA4E2-A4AF-4FD2-817A-41C0873335D8} = {4993B15B-92DD-45E0-971C-DAD4F440D50B}
		{0BB24417-92BE-44CA-BF2F-FABBFFB40DE8} = {4993B15B-92DD-45E0-971C-DAD4F440D50B}
		{50EC3C55-D63D-439F-B841-25C56DD33DBF} = {91FD3811-8324-46FA-A612-00640C036762}
		{1BE20793-FB2F-485F-ACDF-1C80F97FCFB5} = {C4ADEFCC-7B86-4C00-A390-2D8D6AAB3EFA}
		{E81F2F04-AEF6-4DC0-BBCC-F665DC8E838A} = {AC7A5198-FBAD-47DA-AB12-566919DDDF22}
	EndGlobalSection
	GlobalSection(ExtensibilityGlobals) = postSolution
		SolutionGuid = {48735139-5C40-4718-85C8-DEB8B4C901B7}
	EndGlobalSection
EndGlobal
